
Microsoft Visual Studio Solution File, Format Version 12.00
# Visual Studio 15
VisualStudioVersion = 15.0.27130.2027
MinimumVisualStudioVersion = 10.0.40219.1
Project("{FAE04EC0-301F-11D3-BF4B-00C04F79EFBC}") = "lab7", "webapp7\lab7.csproj", "{A8CF60FE-4D74-477B-BE09-92070819CDB8}"
EndProject
Global
	GlobalSection(SolutionConfigurationPlatforms) = preSolution
		Debug|Any CPU = Debug|Any CPU
		Release|Any CPU = Release|Any CPU
	EndGlobalSection
	GlobalSection(ProjectConfigurationPlatforms) = postSolution
		{A8CF60FE-4D74-477B-BE09-92070819CDB8}.Debug|Any CPU.ActiveCfg = Debug|Any CPU
		{A8CF60FE-4D74-477B-BE09-92070819CDB8}.Debug|Any CPU.Build.0 = Debug|Any CPU
		{A8CF60FE-4D74-477B-BE09-92070819CDB8}.Release|Any CPU.ActiveCfg = Release|Any CPU
		{A8CF60FE-4D74-477B-BE09-92070819CDB8}.Release|Any CPU.Build.0 = Release|Any CPU
	EndGlobalSection
	GlobalSection(SolutionProperties) = preSolution
		HideSolutionNode = FALSE
	EndGlobalSection
	GlobalSection(ExtensibilityGlobals) = postSolution
		SolutionGuid = {54005A0D-8AAF-4E1C-AA1B-80B0E1F76BFF}
	EndGlobalSection
EndGlobal
